github.com/Masterminds/semver/v3 v3.2.1 h1:RN9w6+7QoMeJVGyfmbcgs28Br8cvmnucEXnY0rYXWg0=
github.com/Masterminds/semver/v3 v3.2.1/go.mod h1:qvl/7zhW3nngYb5+80sSMF+FG2BjYrf8m9wsX0PNOMQ=
github.com/aws/constructs-go/constructs/v10 v10.2.55 h1:wAnWw8jF92ghvAN6/ffxspLoNKyJXACzvuSxOd1F1Js=
github.com/aws/constructs-go/constructs/v10 v10.2.55/go.mod h1:5WfHPfZkNfuz2sOaSNZPhtKr2bofB0M3/0i8ty3xuW8=
github.com/aws/jsii-runtime-go v1.84.0 h1:ZvOKkGKQBZC8qrlM3qi2hXnbnqI64o3WtVw5ZVd/q9s=
github.com/aws/jsii-runtime-go v1.84.0/go.mod h1:sZ4/oNiaZBQFkzGWZYvqo/85M0EitkFa8SEEEMECt4w=
github.com/cdk8s-team/cdk8s-core-go/cdk8s/v2 v2.7.79 h1:9ETGofKHDBpP4edB9cSSMjjYUVJSb8AkRQ3KXZDLO5E=
github.com/cdk8s-team/cdk8s-core-go/cdk8s/v2 v2.7.79/go.mod h1:81I+og0gk5VVYmt9YOn/JzJ8sxzc3pqz4DHwdCn/eUQ=
github.com/cdk8s-team/cdk8s-plus-go/cdk8splus24/v2 v2.8.41 h1:wH5EqoLQ+zUf5W/hc8ePRnfGZLHxl6pJ6A7PD5e8k8E=
github.com/cdk8s-team/cdk8s-plus-go/cdk8splus24/v2 v2.8.41/go.mod h1:nWMEeX/sFvFG7VuAe/GleSnOnxyb0jw22+RGV+rTbdc=
